{
    "_readme": [
        "This file locks the dependencies of your project to a known state",
        "Read more about it at https://getcomposer.org/doc/01-basic-usage.md#installing-dependencies",
        "This file is @generated automatically"
    ],
    "content-hash": "c95a6e0e52db59c92952c7b2e870fca4",
    "packages": [
        {
            "name": "enpii/enpii-base",
            "version": "dev-wp-release",
            "source": {
                "type": "git",
                "url": "https://github.com/enpiicom/wp-plugin-enpii-base.git",
                "reference": "67f72dc4c972781addaa4b9480e904a679739e20"
            },
            "dist": {
                "type": "zip",
                "url": "https://api.github.com/repos/enpiicom/wp-plugin-enpii-base/zipball/67f72dc4c972781addaa4b9480e904a679739e20",
                "reference": "67f72dc4c972781addaa4b9480e904a679739e20",
                "shasum": ""
            },
            "require": {
                "php": "^7.3|^8.0"
            },
            "type": "wordpress-muplugin",
            "extra": {
                "exclude-from-files": [
                    "laravel/framework/src/Illuminate/Foundation/helpers.php"
                ]
            },
            "autoload": {
                "files": [
                    "./src/Foundation/Support/helpers-utils.php",
                    "./src/Foundation/helpers-wp-app.php",
                    "./src/Foundation/helpers-overrides.php",
                    "./enpii-base-bootstrap.php",
                    "./enpii-base-init.php"
                ],
                "psr-4": {
                    "Enpii_Base\\": "src",
                    "Enpii_Base\\Deps\\": "src-deps"
                }
            },
            "notification-url": "https://packagist.org/downloads/",
            "license": [
                "MIT"
            ],
            "authors": [
                {
                    "name": "Trac Nguyen",
                    "email": "npbtrac@yahoo.com",
                    "homepage": "https://enpii.com/members/trac-nguyen",
                    "role": "Developer"
                },
                {
                    "name": "Loi Le",
                    "homepage": "https://enpii.com/members/loi-le",
                    "role": "Developer"
                }
            ],
            "description": "The base plugin to have powerful Laravel development on WordPress",
            "homepage": "https://enpii.com/wp-plugin-enpii-base",
            "support": {
                "issues": "https://github.com/enpiicom/wp-plugin-enpii-base/issues",
                "source": "https://github.com/enpiicom/wp-plugin-enpii-base/tree/wp-release"
            },
            "time": "2024-05-16T15:14:04+00:00"
        },
        {
            "name": "mcaskill/composer-exclude-files",
            "version": "v3.0.1",
            "source": {
                "type": "git",
                "url": "https://github.com/mcaskill/composer-plugin-exclude-files.git",
                "reference": "f7dd8dbb0b1bf9b0269db07e05460f81066cf22b"
            },
            "dist": {
                "type": "zip",
                "url": "https://api.github.com/repos/mcaskill/composer-plugin-exclude-files/zipball/f7dd8dbb0b1bf9b0269db07e05460f81066cf22b",
                "reference": "f7dd8dbb0b1bf9b0269db07e05460f81066cf22b",
                "shasum": ""
            },
            "require": {
                "composer-plugin-api": "^2.3",
                "php": "^7.2.5 || ^8.0"
            },
            "require-dev": {
                "composer/composer": "^2.3",
                "phpstan/phpstan": "^1.7",
                "symfony/phpunit-bridge": "^6.0"
            },
            "type": "composer-plugin",
            "extra": {
                "branch-alias": {
                    "dev-main": "3.x-dev"
                },
                "class": "McAskill\\Composer\\ExcludeFilePlugin"
            },
            "autoload": {
                "psr-4": {
                    "McAskill\\Composer\\": "src/"
                }
            },
            "notification-url": "https://packagist.org/downloads/",
            "license": [
                "MIT"
            ],
            "authors": [
                {
                    "name": "Chauncey McAskill",
                    "email": "chauncey@mcaskill.ca"
                }
            ],
            "description": "Exclude files from autoload_files.php",
            "support": {
                "issues": "https://github.com/mcaskill/composer-plugin-exclude-files/issues",
                "source": "https://github.com/mcaskill/composer-plugin-exclude-files/tree/v3.0.1"
            },
            "time": "2023-05-24T17:29:24+00:00"
        }
    ],
    "packages-dev": [],
    "aliases": [],
    "minimum-stability": "dev",
    "stability-flags": {
        "enpii/enpii-base": 20
    },
    "prefer-stable": true,
    "prefer-lowest": false,
    "platform": {
        "php": "^7.3|^8.0"
    },
    "platform-dev": [],
    "plugin-api-version": "2.3.0"
}
