{
    "_readme": [
        "This file locks the dependencies of your project to a known state",
        "Read more about it at https://getcomposer.org/doc/01-basic-usage.md#installing-dependencies",
        "This file is @generated automatically"
    ],
    "content-hash": "80b630922fb6b239502451a0da91a80d",
    "packages": [
        {
            "name": "enpii/enpii-base",
            "version": "dev-wp-release",
            "source": {
                "type": "git",
                "url": "https://github.com/enpiicom/wp-plugin-enpii-base.git",
                "reference": "21e75b02e76d0b182dadd81eb0c63638f0685236"
            },
            "dist": {
                "type": "zip",
                "url": "https://api.github.com/repos/enpiicom/wp-plugin-enpii-base/zipball/21e75b02e76d0b182dadd81eb0c63638f0685236",
                "reference": "21e75b02e76d0b182dadd81eb0c63638f0685236",
                "shasum": ""
            },
            "require": {
                "php": "^7.3|^8.0.0"
            },
            "type": "wordpress-muplugin",
            "extra": {
                "exclude-from-files": [
                    "laravel/framework/src/Illuminate/Foundation/helpers.php"
                ]
            },
            "autoload": {
                "files": [
                    "./src/Foundation/Support/helpers-utils.php",
                    "./src/Foundation/helpers-wp-app.php",
                    "./src/Foundation/helpers-overrides.php",
                    "./enpii-base-bootstrap.php",
                    "./enpii-base-init.php"
                ],
                "psr-4": {
                    "Enpii_Base\\": "src",
                    "Enpii_Base\\Deps\\": "src-deps"
                }
            },
            "notification-url": "https://packagist.org/downloads/",
            "license": [
                "MIT"
            ],
            "authors": [
                {
                    "name": "Trac Nguyen",
                    "email": "npbtrac@yahoo.com",
                    "homepage": "https://enpii.com/users/trac-nguyen",
                    "role": "Developer"
                },
                {
                    "name": "Loi Le",
                    "homepage": "https://enpii.com/users/loi-le",
                    "role": "Developer"
                }
            ],
            "description": "The base plugin to have powerful Laravel development on WordPress",
            "homepage": "https://enpii.com/wp-plugin-enpii-base",
            "support": {
                "issues": "https://github.com/enpiicom/wp-plugin-enpii-base/issues",
                "source": "https://github.com/enpiicom/wp-plugin-enpii-base/tree/wp-release"
            },
            "time": "2024-05-16T15:14:04+00:00"
        }
    ],
    "packages-dev": [],
    "aliases": [],
    "minimum-stability": "dev",
    "stability-flags": {
        "enpii/enpii-base": 20
    },
    "prefer-stable": true,
    "prefer-lowest": false,
    "platform": {
        "php": "^7.3|^8.0"
    },
    "platform-dev": [],
    "plugin-api-version": "2.3.0"
}
